
Microsoft Visual Studio Solution File, Format Version 12.00
# Visual Studio Version 17
VisualStudioVersion = 17.9.34701.34
MinimumVisualStudioVersion = 10.0.40219.1
Project("{FAE04EC0-301F-11D3-BF4B-00C04F79EFBC}") = "HMIApp_WPF", "HMIApp_WPF\HMIApp_WPF.csproj", "{CB5EC85F-0832-4668-B8E2-B68BA7FD61E6}"
EndProject
Global
	GlobalSection(SolutionConfigurationPlatforms) = preSolution
		Debug|Any CPU = Debug|Any CPU
		Release|Any CPU = Release|Any CPU
	EndGlobalSection
	GlobalSection(ProjectConfigurationPlatforms) = postSolution
		{CB5EC85F-0832-4668-B8E2-B68BA7FD61E6}.Debug|Any CPU.ActiveCfg = Debug|Any CPU
		{CB5EC85F-0832-4668-B8E2-B68BA7FD61E6}.Debug|Any CPU.Build.0 = Debug|Any CPU
		{CB5EC85F-0832-4668-B8E2-B68BA7FD61E6}.Release|Any CPU.ActiveCfg = Release|Any CPU
		{CB5EC85F-0832-4668-B8E2-B68BA7FD61E6}.Release|Any CPU.Build.0 = Release|Any CPU
	EndGlobalSection
	GlobalSection(SolutionProperties) = preSolution
		HideSolutionNode = FALSE
	EndGlobalSection
	GlobalSection(ExtensibilityGlobals) = postSolution
		SolutionGuid = {C22EF4B3-024F-4A82-9AE1-9BE6C7E675E6}
	EndGlobalSection
EndGlobal
